// !$*UTF8*$!
{
	archiveVersion = 1;
	classes = {
	};
	objectVersion = 51;
	objects = {

/* Begin PBXBuildFile section */
		D9D6C8CA261E86FB00B4D4ED /* AppDelegate.swift in Sources */ = {isa = PBXBuildFile; fileRef = D9D6C8C9261E86FB00B4D4ED /* AppDelegate.swift */; };
		D9D6C8CC261E86FB00B4D4ED /* SceneDelegate.swift in Sources */ = {isa = PBXBuildFile; fileRef = D9D6C8CB261E86FB00B4D4ED /* SceneDelegate.swift */; };
		D9D6C8CE261E86FB00B4D4ED /* ListViewController.swift in Sources */ = {isa = PBXBuildFile; fileRef = D9D6C8CD261E86FB00B4D4ED /* ListViewController.swift */; };
		D9D6C8D3261E86FF00B4D4ED /* Assets.xcassets in Resources */ = {isa = PBXBuildFile; fileRef = D9D6C8D2261E86FF00B4D4ED /* Assets.xcassets */; };
		D9D6C8D6261E86FF00B4D4ED /* LaunchScreen.storyboard in Resources */ = {isa = PBXBuildFile; fileRef = D9D6C8D4261E86FF00B4D4ED /* LaunchScreen.storyboard */; };
		D9D6C8E5261E902600B4D4ED /* UIFont+Ext.swift in Sources */ = {isa = PBXBuildFile; fileRef = D9D6C8E4261E902600B4D4ED /* UIFont+Ext.swift */; };
		D9D6C8E9261EA5BA00B4D4ED /* UINavigationController+Ext.swift in Sources */ = {isa = PBXBuildFile; fileRef = D9D6C8E8261EA5BA00B4D4ED /* UINavigationController+Ext.swift */; };
		D9D6C8EC261EA7BD00B4D4ED /* ListViewModel.swift in Sources */ = {isa = PBXBuildFile; fileRef = D9D6C8EB261EA7BD00B4D4ED /* ListViewModel.swift */; };
		D9D6C8F0261EA82900B4D4ED /* MovieServiceProtocol.swift in Sources */ = {isa = PBXBuildFile; fileRef = D9D6C8EF261EA82900B4D4ED /* MovieServiceProtocol.swift */; };
		D9D6C8F4261EA83300B4D4ED /* MovieService.swift in Sources */ = {isa = PBXBuildFile; fileRef = D9D6C8F3261EA83300B4D4ED /* MovieService.swift */; };
		D9D6C8FF261EB01300B4D4ED /* Constants.swift in Sources */ = {isa = PBXBuildFile; fileRef = D9D6C8FE261EB01300B4D4ED /* Constants.swift */; };
		D9D6C902261EB5A200B4D4ED /* Movie.swift in Sources */ = {isa = PBXBuildFile; fileRef = D9D6C901261EB5A200B4D4ED /* Movie.swift */; };
		D9D6C905261EBA8200B4D4ED /* MovieList.swift in Sources */ = {isa = PBXBuildFile; fileRef = D9D6C904261EBA8200B4D4ED /* MovieList.swift */; };
		D9D6C908261EBCDE00B4D4ED /* MovieCell.swift in Sources */ = {isa = PBXBuildFile; fileRef = D9D6C907261EBCDE00B4D4ED /* MovieCell.swift */; };
		D9D6C90B261EC4EE00B4D4ED /* UIColor+Ext.swift in Sources */ = {isa = PBXBuildFile; fileRef = D9D6C90A261EC4EE00B4D4ED /* UIColor+Ext.swift */; };
		D9D6C90E261EDF3E00B4D4ED /* MovieCell+UI.swift in Sources */ = {isa = PBXBuildFile; fileRef = D9D6C90D261EDF3E00B4D4ED /* MovieCell+UI.swift */; };
		D9D6C911261EDF6200B4D4ED /* ListViewController+UI.swift in Sources */ = {isa = PBXBuildFile; fileRef = D9D6C910261EDF6200B4D4ED /* ListViewController+UI.swift */; };
		D9D6C917261F593A00B4D4ED /* MooovieNavigationController.swift in Sources */ = {isa = PBXBuildFile; fileRef = D9D6C916261F593A00B4D4ED /* MooovieNavigationController.swift */; };
		E67D180F0D100C32E230F521 /* Pods_Mooovie.framework in Frameworks */ = {isa = PBXBuildFile; fileRef = 1625B75D8E5245735A109C1C /* Pods_Mooovie.framework */; };
/* End PBXBuildFile section */

/* Begin PBXFileReference section */
		1625B75D8E5245735A109C1C /* Pods_Mooovie.framework */ = {isa = PBXFileReference; explicitFileType = wrapper.framework; includeInIndex = 0; path = Pods_Mooovie.framework; sourceTree = BUILT_PRODUCTS_DIR; };
		7C2EBCE12200563F6789DB66 /* Pods-Mooovie.debug.xcconfig */ = {isa = PBXFileReference; includeInIndex = 1; lastKnownFileType = text.xcconfig; name = "Pods-Mooovie.debug.xcconfig"; path = "Target Support Files/Pods-Mooovie/Pods-Mooovie.debug.xcconfig"; sourceTree = "<group>"; };
		AD264E5D7D82B90D8266813C /* Pods-Mooovie.release.xcconfig */ = {isa = PBXFileReference; includeInIndex = 1; lastKnownFileType = text.xcconfig; name = "Pods-Mooovie.release.xcconfig"; path = "Target Support Files/Pods-Mooovie/Pods-Mooovie.release.xcconfig"; sourceTree = "<group>"; };
		D9D6C8C6261E86FB00B4D4ED /* Mooovie.app */ = {isa = PBXFileReference; explicitFileType = wrapper.application; includeInIndex = 0; path = Mooovie.app; sourceTree = BUILT_PRODUCTS_DIR; };
		D9D6C8C9261E86FB00B4D4ED /* AppDelegate.swift */ = {isa = PBXFileReference; lastKnownFileType = sourcecode.swift; path = AppDelegate.swift; sourceTree = "<group>"; };
		D9D6C8CB261E86FB00B4D4ED /* SceneDelegate.swift */ = {isa = PBXFileReference; lastKnownFileType = sourcecode.swift; path = SceneDelegate.swift; sourceTree = "<group>"; };
		D9D6C8CD261E86FB00B4D4ED /* ListViewController.swift */ = {isa = PBXFileReference; lastKnownFileType = sourcecode.swift; path = ListViewController.swift; sourceTree = "<group>"; };
		D9D6C8D2261E86FF00B4D4ED /* Assets.xcassets */ = {isa = PBXFileReference; lastKnownFileType = folder.assetcatalog; path = Assets.xcassets; sourceTree = "<group>"; };
		D9D6C8D5261E86FF00B4D4ED /* Base */ = {isa = PBXFileReference; lastKnownFileType = file.storyboard; name = Base; path = Base.lproj/LaunchScreen.storyboard; sourceTree = "<group>"; };
		D9D6C8D7261E86FF00B4D4ED /* Info.plist */ = {isa = PBXFileReference; lastKnownFileType = text.plist.xml; path = Info.plist; sourceTree = "<group>"; };
		D9D6C8E4261E902600B4D4ED /* UIFont+Ext.swift */ = {isa = PBXFileReference; lastKnownFileType = sourcecode.swift; path = "UIFont+Ext.swift"; sourceTree = "<group>"; };
		D9D6C8E8261EA5BA00B4D4ED /* UINavigationController+Ext.swift */ = {isa = PBXFileReference; lastKnownFileType = sourcecode.swift; path = "UINavigationController+Ext.swift"; sourceTree = "<group>"; };
		D9D6C8EB261EA7BD00B4D4ED /* ListViewModel.swift */ = {isa = PBXFileReference; lastKnownFileType = sourcecode.swift; path = ListViewModel.swift; sourceTree = "<group>"; };
		D9D6C8EF261EA82900B4D4ED /* MovieServiceProtocol.swift */ = {isa = PBXFileReference; lastKnownFileType = sourcecode.swift; path = MovieServiceProtocol.swift; sourceTree = "<group>"; };
		D9D6C8F3261EA83300B4D4ED /* MovieService.swift */ = {isa = PBXFileReference; lastKnownFileType = sourcecode.swift; path = MovieService.swift; sourceTree = "<group>"; };
		D9D6C8FE261EB01300B4D4ED /* Constants.swift */ = {isa = PBXFileReference; lastKnownFileType = sourcecode.swift; path = Constants.swift; sourceTree = "<group>"; };
		D9D6C901261EB5A200B4D4ED /* Movie.swift */ = {isa = PBXFileReference; lastKnownFileType = sourcecode.swift; path = Movie.swift; sourceTree = "<group>"; };
		D9D6C904261EBA8200B4D4ED /* MovieList.swift */ = {isa = PBXFileReference; lastKnownFileType = sourcecode.swift; path = MovieList.swift; sourceTree = "<group>"; };
		D9D6C907261EBCDE00B4D4ED /* MovieCell.swift */ = {isa = PBXFileReference; lastKnownFileType = sourcecode.swift; path = MovieCell.swift; sourceTree = "<group>"; };
		D9D6C90A261EC4EE00B4D4ED /* UIColor+Ext.swift */ = {isa = PBXFileReference; lastKnownFileType = sourcecode.swift; path = "UIColor+Ext.swift"; sourceTree = "<group>"; };
		D9D6C90D261EDF3E00B4D4ED /* MovieCell+UI.swift */ = {isa = PBXFileReference; lastKnownFileType = sourcecode.swift; path = "MovieCell+UI.swift"; sourceTree = "<group>"; };
		D9D6C910261EDF6200B4D4ED /* ListViewController+UI.swift */ = {isa = PBXFileReference; lastKnownFileType = sourcecode.swift; path = "ListViewController+UI.swift"; sourceTree = "<group>"; };
		D9D6C916261F593A00B4D4ED /* MooovieNavigationController.swift */ = {isa = PBXFileReference; lastKnownFileType = sourcecode.swift; path = MooovieNavigationController.swift; sourceTree = "<group>"; };
/* End PBXFileReference section */

/* Begin PBXFrameworksBuildPhase section */
		D9D6C8C3261E86FB00B4D4ED /* Frameworks */ = {
			isa = PBXFrameworksBuildPhase;
			buildActionMask = 2147483647;
			files = (
				E67D180F0D100C32E230F521 /* Pods_Mooovie.framework in Frameworks */,
			);
			runOnlyForDeploymentPostprocessing = 0;
		};
/* End PBXFrameworksBuildPhase section */

/* Begin PBXGroup section */
		19538BDF1B66EB9AD6049CD4 /* Frameworks */ = {
			isa = PBXGroup;
			children = (
				1625B75D8E5245735A109C1C /* Pods_Mooovie.framework */,
			);
			name = Frameworks;
			sourceTree = "<group>";
		};
		5FC7E20E4A0DE75A9CA00DFE /* Pods */ = {
			isa = PBXGroup;
			children = (
				7C2EBCE12200563F6789DB66 /* Pods-Mooovie.debug.xcconfig */,
				AD264E5D7D82B90D8266813C /* Pods-Mooovie.release.xcconfig */,
			);
			path = Pods;
			sourceTree = "<group>";
		};
		D9D6C8BD261E86FB00B4D4ED = {
			isa = PBXGroup;
			children = (
				D9D6C8C8261E86FB00B4D4ED /* Mooovie */,
				D9D6C8C7261E86FB00B4D4ED /* Products */,
				5FC7E20E4A0DE75A9CA00DFE /* Pods */,
				19538BDF1B66EB9AD6049CD4 /* Frameworks */,
			);
			sourceTree = "<group>";
		};
		D9D6C8C7261E86FB00B4D4ED /* Products */ = {
			isa = PBXGroup;
			children = (
				D9D6C8C6261E86FB00B4D4ED /* Mooovie.app */,
			);
			name = Products;
			sourceTree = "<group>";
		};
		D9D6C8C8261E86FB00B4D4ED /* Mooovie */ = {
			isa = PBXGroup;
			children = (
				D9D6C919261F59A300B4D4ED /* Custom Views */,
				D9D6C914261EE0F100B4D4ED /* Models */,
				D9D6C8EE261EA80300B4D4ED /* Services */,
				D9D6C8E3261E900E00B4D4ED /* Extensions */,
				D9D6C8E0261E8B6F00B4D4ED /* Screens */,
				D9D6C8C9261E86FB00B4D4ED /* AppDelegate.swift */,
				D9D6C8CB261E86FB00B4D4ED /* SceneDelegate.swift */,
				D9D6C8D2261E86FF00B4D4ED /* Assets.xcassets */,
				D9D6C8D4261E86FF00B4D4ED /* LaunchScreen.storyboard */,
				D9D6C8D7261E86FF00B4D4ED /* Info.plist */,
				D9D6C8FE261EB01300B4D4ED /* Constants.swift */,
			);
			path = Mooovie;
			sourceTree = "<group>";
		};
		D9D6C8E0261E8B6F00B4D4ED /* Screens */ = {
			isa = PBXGroup;
			children = (
				D9D6C8E1261E8B7400B4D4ED /* List */,
			);
			path = Screens;
			sourceTree = "<group>";
		};
		D9D6C8E1261E8B7400B4D4ED /* List */ = {
			isa = PBXGroup;
			children = (
				D9D6C8CD261E86FB00B4D4ED /* ListViewController.swift */,
				D9D6C910261EDF6200B4D4ED /* ListViewController+UI.swift */,
				D9D6C8EB261EA7BD00B4D4ED /* ListViewModel.swift */,
				D9D6C907261EBCDE00B4D4ED /* MovieCell.swift */,
				D9D6C90D261EDF3E00B4D4ED /* MovieCell+UI.swift */,
			);
			path = List;
			sourceTree = "<group>";
		};
		D9D6C8E3261E900E00B4D4ED /* Extensions */ = {
			isa = PBXGroup;
			children = (
				D9D6C8E4261E902600B4D4ED /* UIFont+Ext.swift */,
				D9D6C8E8261EA5BA00B4D4ED /* UINavigationController+Ext.swift */,
				D9D6C90A261EC4EE00B4D4ED /* UIColor+Ext.swift */,
			);
			path = Extensions;
			sourceTree = "<group>";
		};
		D9D6C8EE261EA80300B4D4ED /* Services */ = {
			isa = PBXGroup;
			children = (
				D9D6C8EF261EA82900B4D4ED /* MovieServiceProtocol.swift */,
				D9D6C8F3261EA83300B4D4ED /* MovieService.swift */,
			);
			path = Services;
			sourceTree = "<group>";
		};
		D9D6C914261EE0F100B4D4ED /* Models */ = {
			isa = PBXGroup;
			children = (
				D9D6C901261EB5A200B4D4ED /* Movie.swift */,
				D9D6C904261EBA8200B4D4ED /* MovieList.swift */,
			);
			path = Models;
			sourceTree = "<group>";
		};
		D9D6C919261F59A300B4D4ED /* Custom Views */ = {
			isa = PBXGroup;
			children = (
				D9D6C916261F593A00B4D4ED /* MooovieNavigationController.swift */,
			);
			path = "Custom Views";
			sourceTree = "<group>";
		};
/* End PBXGroup section */

/* Begin PBXNativeTarget section */
		D9D6C8C5261E86FB00B4D4ED /* Mooovie */ = {
			isa = PBXNativeTarget;
			buildConfigurationList = D9D6C8DA261E86FF00B4D4ED /* Build configuration list for PBXNativeTarget "Mooovie" */;
			buildPhases = (
				34277E9C3239687F28E5FD83 /* [CP] Check Pods Manifest.lock */,
				D9D6C8C2261E86FB00B4D4ED /* Sources */,
				D9D6C8C3261E86FB00B4D4ED /* Frameworks */,
				D9D6C8C4261E86FB00B4D4ED /* Resources */,
				DEEE41A8EB4E3AE473992925 /* [CP] Embed Pods Frameworks */,
			);
			buildRules = (
			);
			dependencies = (
			);
			name = Mooovie;
			productName = Mooovie;
			productReference = D9D6C8C6261E86FB00B4D4ED /* Mooovie.app */;
			productType = "com.apple.product-type.application";
		};
/* End PBXNativeTarget section */

/* Begin PBXProject section */
		D9D6C8BE261E86FB00B4D4ED /* Project object */ = {
			isa = PBXProject;
			attributes = {
				LastSwiftUpdateCheck = 1200;
				LastUpgradeCheck = 1200;
				TargetAttributes = {
					D9D6C8C5261E86FB00B4D4ED = {
						CreatedOnToolsVersion = 12.0.1;
					};
				};
			};
			buildConfigurationList = D9D6C8C1261E86FB00B4D4ED /* Build configuration list for PBXProject "Mooovie" */;
			compatibilityVersion = "Xcode 9.3";
			developmentRegion = en;
			hasScannedForEncodings = 0;
			knownRegions = (
				en,
				Base,
			);
			mainGroup = D9D6C8BD261E86FB00B4D4ED;
			productRefGroup = D9D6C8C7261E86FB00B4D4ED /* Products */;
			projectDirPath = "";
			projectRoot = "";
			targets = (
				D9D6C8C5261E86FB00B4D4ED /* Mooovie */,
			);
		};
/* End PBXProject section */

/* Begin PBXResourcesBuildPhase section */
		D9D6C8C4261E86FB00B4D4ED /* Resources */ = {
			isa = PBXResourcesBuildPhase;
			buildActionMask = 2147483647;
			files = (
				D9D6C8D6261E86FF00B4D4ED /* LaunchScreen.storyboard in Resources */,
				D9D6C8D3261E86FF00B4D4ED /* Assets.xcassets in Resources */,
			);
			runOnlyForDeploymentPostprocessing = 0;
		};
/* End PBXResourcesBuildPhase section */

/* Begin PBXShellScriptBuildPhase section */
		34277E9C3239687F28E5FD83 /* [CP] Check Pods Manifest.lock */ = {
			isa = PBXShellScriptBuildPhase;
			buildActionMask = 2147483647;
			files = (
			);
			inputFileListPaths = (
			);
			inputPaths = (
				"${PODS_PODFILE_DIR_PATH}/Podfile.lock",
				"${PODS_ROOT}/Manifest.lock",
			);
			name = "[CP] Check Pods Manifest.lock";
			outputFileListPaths = (
			);
			outputPaths = (
				"$(DERIVED_FILE_DIR)/Pods-Mooovie-checkManifestLockResult.txt",
			);
			runOnlyForDeploymentPostprocessing = 0;
			shellPath = /bin/sh;
			shellScript = "diff \"${PODS_PODFILE_DIR_PATH}/Podfile.lock\" \"${PODS_ROOT}/Manifest.lock\" > /dev/null\nif [ $? != 0 ] ; then\n    # print error to STDERR\n    echo \"error: The sandbox is not in sync with the Podfile.lock. Run 'pod install' or update your CocoaPods installation.\" >&2\n    exit 1\nfi\n# This output is used by Xcode 'outputs' to avoid re-running this script phase.\necho \"SUCCESS\" > \"${SCRIPT_OUTPUT_FILE_0}\"\n";
			showEnvVarsInLog = 0;
		};
		DEEE41A8EB4E3AE473992925 /* [CP] Embed Pods Frameworks */ = {
			isa = PBXShellScriptBuildPhase;
			buildActionMask = 2147483647;
			files = (
			);
			inputFileListPaths = (
				"${PODS_ROOT}/Target Support Files/Pods-Mooovie/Pods-Mooovie-frameworks-${CONFIGURATION}-input-files.xcfilelist",
			);
			name = "[CP] Embed Pods Frameworks";
			outputFileListPaths = (
				"${PODS_ROOT}/Target Support Files/Pods-Mooovie/Pods-Mooovie-frameworks-${CONFIGURATION}-output-files.xcfilelist",
			);
			runOnlyForDeploymentPostprocessing = 0;
			shellPath = /bin/sh;
			shellScript = "\"${PODS_ROOT}/Target Support Files/Pods-Mooovie/Pods-Mooovie-frameworks.sh\"\n";
			showEnvVarsInLog = 0;
		};
/* End PBXShellScriptBuildPhase section */

/* Begin PBXSourcesBuildPhase section */
		D9D6C8C2261E86FB00B4D4ED /* Sources */ = {
			isa = PBXSourcesBuildPhase;
			buildActionMask = 2147483647;
			files = (
				D9D6C8F0261EA82900B4D4ED /* MovieServiceProtocol.swift in Sources */,
				D9D6C8E5261E902600B4D4ED /* UIFont+Ext.swift in Sources */,
				D9D6C908261EBCDE00B4D4ED /* MovieCell.swift in Sources */,
				D9D6C8E9261EA5BA00B4D4ED /* UINavigationController+Ext.swift in Sources */,
				D9D6C8EC261EA7BD00B4D4ED /* ListViewModel.swift in Sources */,
				D9D6C902261EB5A200B4D4ED /* Movie.swift in Sources */,
				D9D6C917261F593A00B4D4ED /* MooovieNavigationController.swift in Sources */,
				D9D6C90B261EC4EE00B4D4ED /* UIColor+Ext.swift in Sources */,
				D9D6C905261EBA8200B4D4ED /* MovieList.swift in Sources */,
				D9D6C8CE261E86FB00B4D4ED /* ListViewController.swift in Sources */,
				D9D6C8CA261E86FB00B4D4ED /* AppDelegate.swift in Sources */,
				D9D6C90E261EDF3E00B4D4ED /* MovieCell+UI.swift in Sources */,
				D9D6C8F4261EA83300B4D4ED /* MovieService.swift in Sources */,
				D9D6C8CC261E86FB00B4D4ED /* SceneDelegate.swift in Sources */,
				D9D6C911261EDF6200B4D4ED /* ListViewController+UI.swift in Sources */,
				D9D6C8FF261EB01300B4D4ED /* Constants.swift in Sources */,
			);
			runOnlyForDeploymentPostprocessing = 0;
		};
/* End PBXSourcesBuildPhase section */

/* Begin PBXVariantGroup section */
		D9D6C8D4261E86FF00B4D4ED /* LaunchScreen.storyboard */ = {
			isa = PBXVariantGroup;
			children = (
				D9D6C8D5261E86FF00B4D4ED /* Base */,
			);
			name = LaunchScreen.storyboard;
			sourceTree = "<group>";
		};
/* End PBXVariantGroup section */

/* Begin XCBuildConfiguration section */
		D9D6C8D8261E86FF00B4D4ED /* Debug */ = {
			isa = XCBuildConfiguration;
			buildSettings = {
				ALWAYS_SEARCH_USER_PATHS = NO;
				CLANG_ANALYZER_NONNULL = YES;
				CLANG_ANALYZER_NUMBER_OBJECT_CONVERSION = YES_AGGRESSIVE;
				CLANG_CXX_LANGUAGE_STANDARD = "gnu++14";
				CLANG_CXX_LIBRARY = "libc++";
				CLANG_ENABLE_MODULES = YES;
				CLANG_ENABLE_OBJC_ARC = YES;
				CLANG_ENABLE_OBJC_WEAK = YES;
				CLANG_WARN_BLOCK_CAPTURE_AUTORELEASING = YES;
				CLANG_WARN_BOOL_CONVERSION = YES;
				CLANG_WARN_COMMA = YES;
				CLANG_WARN_CONSTANT_CONVERSION = YES;
				CLANG_WARN_DEPRECATED_OBJC_IMPLEMENTATIONS = YES;
				CLANG_WARN_DIRECT_OBJC_ISA_USAGE = YES_ERROR;
				CLANG_WARN_DOCUMENTATION_COMMENTS = YES;
				CLANG_WARN_EMPTY_BODY = YES;
				CLANG_WARN_ENUM_CONVERSION = YES;
				CLANG_WARN_INFINITE_RECURSION = YES;
				CLANG_WARN_INT_CONVERSION = YES;
				CLANG_WARN_NON_LITERAL_NULL_CONVERSION = YES;
				CLANG_WARN_OBJC_IMPLICIT_RETAIN_SELF = YES;
				CLANG_WARN_OBJC_LITERAL_CONVERSION = YES;
				CLANG_WARN_OBJC_ROOT_CLASS = YES_ERROR;
				CLANG_WARN_QUOTED_INCLUDE_IN_FRAMEWORK_HEADER = YES;
				CLANG_WARN_RANGE_LOOP_ANALYSIS = YES;
				CLANG_WARN_STRICT_PROTOTYPES = YES;
				CLANG_WARN_SUSPICIOUS_MOVE = YES;
				CLANG_WARN_UNGUARDED_AVAILABILITY = YES_AGGRESSIVE;
				CLANG_WARN_UNREACHABLE_CODE = YES;
				CLANG_WARN__DUPLICATE_METHOD_MATCH = YES;
				COPY_PHASE_STRIP = NO;
				DEBUG_INFORMATION_FORMAT = dwarf;
				ENABLE_STRICT_OBJC_MSGSEND = YES;
				ENABLE_TESTABILITY = YES;
				GCC_C_LANGUAGE_STANDARD = gnu11;
				GCC_DYNAMIC_NO_PIC = NO;
				GCC_NO_COMMON_BLOCKS = YES;
				GCC_OPTIMIZATION_LEVEL = 0;
				GCC_PREPROCESSOR_DEFINITIONS = (
					"DEBUG=1",
					"$(inherited)",
				);
				GCC_WARN_64_TO_32_BIT_CONVERSION = YES;
				GCC_WARN_ABOUT_RETURN_TYPE = YES_ERROR;
				GCC_WARN_UNDECLARED_SELECTOR = YES;
				GCC_WARN_UNINITIALIZED_AUTOS = YES_AGGRESSIVE;
				GCC_WARN_UNUSED_FUNCTION = YES;
				GCC_WARN_UNUSED_VARIABLE = YES;
				IPHONEOS_DEPLOYMENT_TARGET = 14.0;
				MTL_ENABLE_DEBUG_INFO = INCLUDE_SOURCE;
				MTL_FAST_MATH = YES;
				ONLY_ACTIVE_ARCH = YES;
				SDKROOT = iphoneos;
				SWIFT_ACTIVE_COMPILATION_CONDITIONS = DEBUG;
				SWIFT_OPTIMIZATION_LEVEL = "-Onone";
			};
			name = Debug;
		};
		D9D6C8D9261E86FF00B4D4ED /* Release */ = {
			isa = XCBuildConfiguration;
			buildSettings = {
				ALWAYS_SEARCH_USER_PATHS = NO;
				CLANG_ANALYZER_NONNULL = YES;
				CLANG_ANALYZER_NUMBER_OBJECT_CONVERSION = YES_AGGRESSIVE;
				CLANG_CXX_LANGUAGE_STANDARD = "gnu++14";
				CLANG_CXX_LIBRARY = "libc++";
				CLANG_ENABLE_MODULES = YES;
				CLANG_ENABLE_OBJC_ARC = YES;
				CLANG_ENABLE_OBJC_WEAK = YES;
				CLANG_WARN_BLOCK_CAPTURE_AUTORELEASING = YES;
				CLANG_WARN_BOOL_CONVERSION = YES;
				CLANG_WARN_COMMA = YES;
				CLANG_WARN_CONSTANT_CONVERSION = YES;
				CLANG_WARN_DEPRECATED_OBJC_IMPLEMENTATIONS = YES;
				CLANG_WARN_DIRECT_OBJC_ISA_USAGE = YES_ERROR;
				CLANG_WARN_DOCUMENTATION_COMMENTS = YES;
				CLANG_WARN_EMPTY_BODY = YES;
				CLANG_WARN_ENUM_CONVERSION = YES;
				CLANG_WARN_INFINITE_RECURSION = YES;
				CLANG_WARN_INT_CONVERSION = YES;
				CLANG_WARN_NON_LITERAL_NULL_CONVERSION = YES;
				CLANG_WARN_OBJC_IMPLICIT_RETAIN_SELF = YES;
				CLANG_WARN_OBJC_LITERAL_CONVERSION = YES;
				CLANG_WARN_OBJC_ROOT_CLASS = YES_ERROR;
				CLANG_WARN_QUOTED_INCLUDE_IN_FRAMEWORK_HEADER = YES;
				CLANG_WARN_RANGE_LOOP_ANALYSIS = YES;
				CLANG_WARN_STRICT_PROTOTYPES = YES;
				CLANG_WARN_SUSPICIOUS_MOVE = YES;
				CLANG_WARN_UNGUARDED_AVAILABILITY = YES_AGGRESSIVE;
				CLANG_WARN_UNREACHABLE_CODE = YES;
				CLANG_WARN__DUPLICATE_METHOD_MATCH = YES;
				COPY_PHASE_STRIP = NO;
				DEBUG_INFORMATION_FORMAT = "dwarf-with-dsym";
				ENABLE_NS_ASSERTIONS = NO;
				ENABLE_STRICT_OBJC_MSGSEND = YES;
				GCC_C_LANGUAGE_STANDARD = gnu11;
				GCC_NO_COMMON_BLOCKS = YES;
				GCC_WARN_64_TO_32_BIT_CONVERSION = YES;
				GCC_WARN_ABOUT_RETURN_TYPE = YES_ERROR;
				GCC_WARN_UNDECLARED_SELECTOR = YES;
				GCC_WARN_UNINITIALIZED_AUTOS = YES_AGGRESSIVE;
				GCC_WARN_UNUSED_FUNCTION = YES;
				GCC_WARN_UNUSED_VARIABLE = YES;
				IPHONEOS_DEPLOYMENT_TARGET = 14.0;
				MTL_ENABLE_DEBUG_INFO = NO;
				MTL_FAST_MATH = YES;
				SDKROOT = iphoneos;
				SWIFT_COMPILATION_MODE = wholemodule;
				SWIFT_OPTIMIZATION_LEVEL = "-O";
				VALIDATE_PRODUCT = YES;
			};
			name = Release;
		};
		D9D6C8DB261E86FF00B4D4ED /* Debug */ = {
			isa = XCBuildConfiguration;
			baseConfigurationReference = 7C2EBCE12200563F6789DB66 /* Pods-Mooovie.debug.xcconfig */;
			buildSettings = {
				ASSETCATALOG_COMPILER_APPICON_NAME = AppIcon;
				ASSETCATALOG_COMPILER_GLOBAL_ACCENT_COLOR_NAME = AccentColor;
				CODE_SIGN_STYLE = Automatic;
				DEVELOPMENT_TEAM = S49G677PMU;
				INFOPLIST_FILE = Mooovie/Info.plist;
				LD_RUNPATH_SEARCH_PATHS = (
					"$(inherited)",
					"@executable_path/Frameworks",
				);
				PRODUCT_BUNDLE_IDENTIFIER = com.aulmajid.Mooovie;
				PRODUCT_NAME = "$(TARGET_NAME)";
				SWIFT_VERSION = 5.0;
				TARGETED_DEVICE_FAMILY = "1,2";
			};
			name = Debug;
		};
		D9D6C8DC261E86FF00B4D4ED /* Release */ = {
			isa = XCBuildConfiguration;
			baseConfigurationReference = AD264E5D7D82B90D8266813C /* Pods-Mooovie.release.xcconfig */;
			buildSettings = {
				ASSETCATALOG_COMPILER_APPICON_NAME = AppIcon;
				ASSETCATALOG_COMPILER_GLOBAL_ACCENT_COLOR_NAME = AccentColor;
				CODE_SIGN_STYLE = Automatic;
				DEVELOPMENT_TEAM = S49G677PMU;
				INFOPLIST_FILE = Mooovie/Info.plist;
				LD_RUNPATH_SEARCH_PATHS = (
					"$(inherited)",
					"@executable_path/Frameworks",
				);
				PRODUCT_BUNDLE_IDENTIFIER = com.aulmajid.Mooovie;
				PRODUCT_NAME = "$(TARGET_NAME)";
				SWIFT_VERSION = 5.0;
				TARGETED_DEVICE_FAMILY = "1,2";
			};
			name = Release;
		};
/* End XCBuildConfiguration section */

/* Begin XCConfigurationList section */
		D9D6C8C1261E86FB00B4D4ED /* Build configuration list for PBXProject "Mooovie" */ = {
			isa = XCConfigurationList;
			buildConfigurations = (
				D9D6C8D8261E86FF00B4D4ED /* Debug */,
				D9D6C8D9261E86FF00B4D4ED /* Release */,
			);
			defaultConfigurationIsVisible = 0;
			defaultConfigurationName = Release;
		};
		D9D6C8DA261E86FF00B4D4ED /* Build configuration list for PBXNativeTarget "Mooovie" */ = {
			isa = XCConfigurationList;
			buildConfigurations = (
				D9D6C8DB261E86FF00B4D4ED /* Debug */,
				D9D6C8DC261E86FF00B4D4ED /* Release */,
			);
			defaultConfigurationIsVisible = 0;
			defaultConfigurationName = Release;
		};
/* End XCConfigurationList section */
	};
	rootObject = D9D6C8BE261E86FB00B4D4ED /* Project object */;
}
