// !$*UTF8*$!
{
	archiveVersion = 1;
	classes = {
	};
	objectVersion = 51;
	objects = {

/* Begin PBXBuildFile section */
		D9B58A60263948D10028BCB3 /* Model.xcdatamodeld in Sources */ = {isa = PBXBuildFile; fileRef = D9B58A5E263948D10028BCB3 /* Model.xcdatamodeld */; };
		D9B58A6426394B5F0028BCB3 /* CoreDataManager.swift in Sources */ = {isa = PBXBuildFile; fileRef = D9B58A6326394B5F0028BCB3 /* CoreDataManager.swift */; };
		D9B58A682639502E0028BCB3 /* ListBookmarkViewController.swift in Sources */ = {isa = PBXBuildFile; fileRef = D9B58A672639502E0028BCB3 /* ListBookmarkViewController.swift */; };
		D9B58A6C263952E00028BCB3 /* BookmarkViewController+UI.swift in Sources */ = {isa = PBXBuildFile; fileRef = D9B58A6B263952E00028BCB3 /* BookmarkViewController+UI.swift */; };
		D9B58A70263955370028BCB3 /* BookmarkCell.swift in Sources */ = {isa = PBXBuildFile; fileRef = D9B58A6F263955370028BCB3 /* BookmarkCell.swift */; };
		D9B58A73263957280028BCB3 /* ListBookmarkViewModel.swift in Sources */ = {isa = PBXBuildFile; fileRef = D9B58A72263957280028BCB3 /* ListBookmarkViewModel.swift */; };
		D9B58A78263959260028BCB3 /* BookmarkViewModel.swift in Sources */ = {isa = PBXBuildFile; fileRef = D9B58A77263959260028BCB3 /* BookmarkViewModel.swift */; };
		D9B58A84263A64B50028BCB3 /* MooovieTests.swift in Sources */ = {isa = PBXBuildFile; fileRef = D9B58A83263A64B50028BCB3 /* MooovieTests.swift */; };
		D9D4DF982621C0F500CD82CB /* GradientUtils.swift in Sources */ = {isa = PBXBuildFile; fileRef = D9D4DF972621C0F500CD82CB /* GradientUtils.swift */; };
		D9D4DFA0262203DC00CD82CB /* MooovieNavigationController.swift in Sources */ = {isa = PBXBuildFile; fileRef = D9D4DF9F262203DC00CD82CB /* MooovieNavigationController.swift */; };
		D9D4DFB72622655400CD82CB /* Trailer.swift in Sources */ = {isa = PBXBuildFile; fileRef = D9D4DFB62622655400CD82CB /* Trailer.swift */; };
		D9D4DFC22622691B00CD82CB /* TrailerCell.swift in Sources */ = {isa = PBXBuildFile; fileRef = D9D4DFC12622691B00CD82CB /* TrailerCell.swift */; };
		D9D4DFC826226A4800CD82CB /* TrailerViewModel.swift in Sources */ = {isa = PBXBuildFile; fileRef = D9D4DFC726226A4800CD82CB /* TrailerViewModel.swift */; };
		D9D4DFCC2622A83500CD82CB /* UIScrollView+Ext.swift in Sources */ = {isa = PBXBuildFile; fileRef = D9D4DFCB2622A83500CD82CB /* UIScrollView+Ext.swift */; };
		D9D4DFD32622AF9E00CD82CB /* Category.swift in Sources */ = {isa = PBXBuildFile; fileRef = D9D4DFD22622AF9E00CD82CB /* Category.swift */; };
		D9D6C8CA261E86FB00B4D4ED /* AppDelegate.swift in Sources */ = {isa = PBXBuildFile; fileRef = D9D6C8C9261E86FB00B4D4ED /* AppDelegate.swift */; };
		D9D6C8CC261E86FB00B4D4ED /* SceneDelegate.swift in Sources */ = {isa = PBXBuildFile; fileRef = D9D6C8CB261E86FB00B4D4ED /* SceneDelegate.swift */; };
		D9D6C8CE261E86FB00B4D4ED /* ListViewController.swift in Sources */ = {isa = PBXBuildFile; fileRef = D9D6C8CD261E86FB00B4D4ED /* ListViewController.swift */; };
		D9D6C8D3261E86FF00B4D4ED /* Assets.xcassets in Resources */ = {isa = PBXBuildFile; fileRef = D9D6C8D2261E86FF00B4D4ED /* Assets.xcassets */; };
		D9D6C8D6261E86FF00B4D4ED /* LaunchScreen.storyboard in Resources */ = {isa = PBXBuildFile; fileRef = D9D6C8D4261E86FF00B4D4ED /* LaunchScreen.storyboard */; };
		D9D6C8E5261E902600B4D4ED /* UIFont+Ext.swift in Sources */ = {isa = PBXBuildFile; fileRef = D9D6C8E4261E902600B4D4ED /* UIFont+Ext.swift */; };
		D9D6C8EC261EA7BD00B4D4ED /* ListViewModel.swift in Sources */ = {isa = PBXBuildFile; fileRef = D9D6C8EB261EA7BD00B4D4ED /* ListViewModel.swift */; };
		D9D6C8F0261EA82900B4D4ED /* MovieServiceProtocol.swift in Sources */ = {isa = PBXBuildFile; fileRef = D9D6C8EF261EA82900B4D4ED /* MovieServiceProtocol.swift */; };
		D9D6C8F4261EA83300B4D4ED /* MovieService.swift in Sources */ = {isa = PBXBuildFile; fileRef = D9D6C8F3261EA83300B4D4ED /* MovieService.swift */; };
		D9D6C8FF261EB01300B4D4ED /* Constants.swift in Sources */ = {isa = PBXBuildFile; fileRef = D9D6C8FE261EB01300B4D4ED /* Constants.swift */; };
		D9D6C902261EB5A200B4D4ED /* Movie.swift in Sources */ = {isa = PBXBuildFile; fileRef = D9D6C901261EB5A200B4D4ED /* Movie.swift */; };
		D9D6C905261EBA8200B4D4ED /* MovieList.swift in Sources */ = {isa = PBXBuildFile; fileRef = D9D6C904261EBA8200B4D4ED /* MovieList.swift */; };
		D9D6C908261EBCDE00B4D4ED /* MovieCell.swift in Sources */ = {isa = PBXBuildFile; fileRef = D9D6C907261EBCDE00B4D4ED /* MovieCell.swift */; };
		D9D6C90B261EC4EE00B4D4ED /* UIColor+Ext.swift in Sources */ = {isa = PBXBuildFile; fileRef = D9D6C90A261EC4EE00B4D4ED /* UIColor+Ext.swift */; };
		D9D6C90E261EDF3E00B4D4ED /* MovieCell+UI.swift in Sources */ = {isa = PBXBuildFile; fileRef = D9D6C90D261EDF3E00B4D4ED /* MovieCell+UI.swift */; };
		D9D6C911261EDF6200B4D4ED /* ListViewController+UI.swift in Sources */ = {isa = PBXBuildFile; fileRef = D9D6C910261EDF6200B4D4ED /* ListViewController+UI.swift */; };
		D9D6C91D261F5A5E00B4D4ED /* MovieViewModel.swift in Sources */ = {isa = PBXBuildFile; fileRef = D9D6C91C261F5A5E00B4D4ED /* MovieViewModel.swift */; };
		D9D6C920261F5F0C00B4D4ED /* UIImageView+Ext.swift in Sources */ = {isa = PBXBuildFile; fileRef = D9D6C91F261F5F0C00B4D4ED /* UIImageView+Ext.swift */; };
		D9D6C924261F610700B4D4ED /* DetailViewController.swift in Sources */ = {isa = PBXBuildFile; fileRef = D9D6C923261F610700B4D4ED /* DetailViewController.swift */; };
		D9D6C928261F629100B4D4ED /* DetailViewController+UI.swift in Sources */ = {isa = PBXBuildFile; fileRef = D9D6C927261F629100B4D4ED /* DetailViewController+UI.swift */; };
		D9D6C92B261F629B00B4D4ED /* DetailViewModel.swift in Sources */ = {isa = PBXBuildFile; fileRef = D9D6C92A261F629B00B4D4ED /* DetailViewModel.swift */; };
		D9D6C92E261FDF5800B4D4ED /* UIView+Ext.swift in Sources */ = {isa = PBXBuildFile; fileRef = D9D6C92D261FDF5800B4D4ED /* UIView+Ext.swift */; };
		E67D180F0D100C32E230F521 /* Pods_Mooovie.framework in Frameworks */ = {isa = PBXBuildFile; fileRef = 1625B75D8E5245735A109C1C /* Pods_Mooovie.framework */; };
/* End PBXBuildFile section */

/* Begin PBXContainerItemProxy section */
		D9B58A86263A64B50028BCB3 /* PBXContainerItemProxy */ = {
			isa = PBXContainerItemProxy;
			containerPortal = D9D6C8BE261E86FB00B4D4ED /* Project object */;
			proxyType = 1;
			remoteGlobalIDString = D9D6C8C5261E86FB00B4D4ED;
			remoteInfo = Mooovie;
		};
/* End PBXContainerItemProxy section */

/* Begin PBXFileReference section */
		1625B75D8E5245735A109C1C /* Pods_Mooovie.framework */ = {isa = PBXFileReference; explicitFileType = wrapper.framework; includeInIndex = 0; path = Pods_Mooovie.framework; sourceTree = BUILT_PRODUCTS_DIR; };
		7C2EBCE12200563F6789DB66 /* Pods-Mooovie.debug.xcconfig */ = {isa = PBXFileReference; includeInIndex = 1; lastKnownFileType = text.xcconfig; name = "Pods-Mooovie.debug.xcconfig"; path = "Target Support Files/Pods-Mooovie/Pods-Mooovie.debug.xcconfig"; sourceTree = "<group>"; };
		AD264E5D7D82B90D8266813C /* Pods-Mooovie.release.xcconfig */ = {isa = PBXFileReference; includeInIndex = 1; lastKnownFileType = text.xcconfig; name = "Pods-Mooovie.release.xcconfig"; path = "Target Support Files/Pods-Mooovie/Pods-Mooovie.release.xcconfig"; sourceTree = "<group>"; };
		D9B58A5F263948D10028BCB3 /* Model.xcdatamodel */ = {isa = PBXFileReference; lastKnownFileType = wrapper.xcdatamodel; path = Model.xcdatamodel; sourceTree = "<group>"; };
		D9B58A6326394B5F0028BCB3 /* CoreDataManager.swift */ = {isa = PBXFileReference; lastKnownFileType = sourcecode.swift; path = CoreDataManager.swift; sourceTree = "<group>"; };
		D9B58A672639502E0028BCB3 /* ListBookmarkViewController.swift */ = {isa = PBXFileReference; lastKnownFileType = sourcecode.swift; path = ListBookmarkViewController.swift; sourceTree = "<group>"; };
		D9B58A6B263952E00028BCB3 /* BookmarkViewController+UI.swift */ = {isa = PBXFileReference; lastKnownFileType = sourcecode.swift; path = "BookmarkViewController+UI.swift"; sourceTree = "<group>"; };
		D9B58A6F263955370028BCB3 /* BookmarkCell.swift */ = {isa = PBXFileReference; lastKnownFileType = sourcecode.swift; path = BookmarkCell.swift; sourceTree = "<group>"; };
		D9B58A72263957280028BCB3 /* ListBookmarkViewModel.swift */ = {isa = PBXFileReference; lastKnownFileType = sourcecode.swift; path = ListBookmarkViewModel.swift; sourceTree = "<group>"; };
		D9B58A77263959260028BCB3 /* BookmarkViewModel.swift */ = {isa = PBXFileReference; lastKnownFileType = sourcecode.swift; path = BookmarkViewModel.swift; sourceTree = "<group>"; };
		D9B58A81263A64B50028BCB3 /* MooovieTests.xctest */ = {isa = PBXFileReference; explicitFileType = wrapper.cfbundle; includeInIndex = 0; path = MooovieTests.xctest; sourceTree = BUILT_PRODUCTS_DIR; };
		D9B58A83263A64B50028BCB3 /* MooovieTests.swift */ = {isa = PBXFileReference; lastKnownFileType = sourcecode.swift; path = MooovieTests.swift; sourceTree = "<group>"; };
		D9B58A85263A64B50028BCB3 /* Info.plist */ = {isa = PBXFileReference; lastKnownFileType = text.plist.xml; path = Info.plist; sourceTree = "<group>"; };
		D9D4DF972621C0F500CD82CB /* GradientUtils.swift */ = {isa = PBXFileReference; lastKnownFileType = sourcecode.swift; path = GradientUtils.swift; sourceTree = "<group>"; };
		D9D4DF9F262203DC00CD82CB /* MooovieNavigationController.swift */ = {isa = PBXFileReference; fileEncoding = 4; lastKnownFileType = sourcecode.swift; path = MooovieNavigationController.swift; sourceTree = "<group>"; };
		D9D4DFB62622655400CD82CB /* Trailer.swift */ = {isa = PBXFileReference; lastKnownFileType = sourcecode.swift; path = Trailer.swift; sourceTree = "<group>"; };
		D9D4DFC12622691B00CD82CB /* TrailerCell.swift */ = {isa = PBXFileReference; lastKnownFileType = sourcecode.swift; path = TrailerCell.swift; sourceTree = "<group>"; };
		D9D4DFC726226A4800CD82CB /* TrailerViewModel.swift */ = {isa = PBXFileReference; lastKnownFileType = sourcecode.swift; path = TrailerViewModel.swift; sourceTree = "<group>"; };
		D9D4DFCB2622A83500CD82CB /* UIScrollView+Ext.swift */ = {isa = PBXFileReference; lastKnownFileType = sourcecode.swift; path = "UIScrollView+Ext.swift"; sourceTree = "<group>"; };
		D9D4DFD22622AF9E00CD82CB /* Category.swift */ = {isa = PBXFileReference; lastKnownFileType = sourcecode.swift; path = Category.swift; sourceTree = "<group>"; };
		D9D6C8C6261E86FB00B4D4ED /* Mooovie.app */ = {isa = PBXFileReference; explicitFileType = wrapper.application; includeInIndex = 0; path = Mooovie.app; sourceTree = BUILT_PRODUCTS_DIR; };
		D9D6C8C9261E86FB00B4D4ED /* AppDelegate.swift */ = {isa = PBXFileReference; lastKnownFileType = sourcecode.swift; path = AppDelegate.swift; sourceTree = "<group>"; };
		D9D6C8CB261E86FB00B4D4ED /* SceneDelegate.swift */ = {isa = PBXFileReference; lastKnownFileType = sourcecode.swift; path = SceneDelegate.swift; sourceTree = "<group>"; };
		D9D6C8CD261E86FB00B4D4ED /* ListViewController.swift */ = {isa = PBXFileReference; lastKnownFileType = sourcecode.swift; path = ListViewController.swift; sourceTree = "<group>"; };
		D9D6C8D2261E86FF00B4D4ED /* Assets.xcassets */ = {isa = PBXFileReference; lastKnownFileType = folder.assetcatalog; path = Assets.xcassets; sourceTree = "<group>"; };
		D9D6C8D5261E86FF00B4D4ED /* Base */ = {isa = PBXFileReference; lastKnownFileType = file.storyboard; name = Base; path = Base.lproj/LaunchScreen.storyboard; sourceTree = "<group>"; };
		D9D6C8D7261E86FF00B4D4ED /* Info.plist */ = {isa = PBXFileReference; lastKnownFileType = text.plist.xml; path = Info.plist; sourceTree = "<group>"; };
		D9D6C8E4261E902600B4D4ED /* UIFont+Ext.swift */ = {isa = PBXFileReference; lastKnownFileType = sourcecode.swift; path = "UIFont+Ext.swift"; sourceTree = "<group>"; };
		D9D6C8EB261EA7BD00B4D4ED /* ListViewModel.swift */ = {isa = PBXFileReference; lastKnownFileType = sourcecode.swift; path = ListViewModel.swift; sourceTree = "<group>"; };
		D9D6C8EF261EA82900B4D4ED /* MovieServiceProtocol.swift */ = {isa = PBXFileReference; lastKnownFileType = sourcecode.swift; path = MovieServiceProtocol.swift; sourceTree = "<group>"; };
		D9D6C8F3261EA83300B4D4ED /* MovieService.swift */ = {isa = PBXFileReference; lastKnownFileType = sourcecode.swift; path = MovieService.swift; sourceTree = "<group>"; };
		D9D6C8FE261EB01300B4D4ED /* Constants.swift */ = {isa = PBXFileReference; lastKnownFileType = sourcecode.swift; path = Constants.swift; sourceTree = "<group>"; };
		D9D6C901261EB5A200B4D4ED /* Movie.swift */ = {isa = PBXFileReference; lastKnownFileType = sourcecode.swift; path = Movie.swift; sourceTree = "<group>"; };
		D9D6C904261EBA8200B4D4ED /* MovieList.swift */ = {isa = PBXFileReference; lastKnownFileType = sourcecode.swift; path = MovieList.swift; sourceTree = "<group>"; };
		D9D6C907261EBCDE00B4D4ED /* MovieCell.swift */ = {isa = PBXFileReference; lastKnownFileType = sourcecode.swift; path = MovieCell.swift; sourceTree = "<group>"; };
		D9D6C90A261EC4EE00B4D4ED /* UIColor+Ext.swift */ = {isa = PBXFileReference; lastKnownFileType = sourcecode.swift; path = "UIColor+Ext.swift"; sourceTree = "<group>"; };
		D9D6C90D261EDF3E00B4D4ED /* MovieCell+UI.swift */ = {isa = PBXFileReference; lastKnownFileType = sourcecode.swift; path = "MovieCell+UI.swift"; sourceTree = "<group>"; };
		D9D6C910261EDF6200B4D4ED /* ListViewController+UI.swift */ = {isa = PBXFileReference; lastKnownFileType = sourcecode.swift; path = "ListViewController+UI.swift"; sourceTree = "<group>"; };
		D9D6C91C261F5A5E00B4D4ED /* MovieViewModel.swift */ = {isa = PBXFileReference; lastKnownFileType = sourcecode.swift; path = MovieViewModel.swift; sourceTree = "<group>"; };
		D9D6C91F261F5F0C00B4D4ED /* UIImageView+Ext.swift */ = {isa = PBXFileReference; lastKnownFileType = sourcecode.swift; path = "UIImageView+Ext.swift"; sourceTree = "<group>"; };
		D9D6C923261F610700B4D4ED /* DetailViewController.swift */ = {isa = PBXFileReference; lastKnownFileType = sourcecode.swift; path = DetailViewController.swift; sourceTree = "<group>"; };
		D9D6C927261F629100B4D4ED /* DetailViewController+UI.swift */ = {isa = PBXFileReference; lastKnownFileType = sourcecode.swift; path = "DetailViewController+UI.swift"; sourceTree = "<group>"; };
		D9D6C92A261F629B00B4D4ED /* DetailViewModel.swift */ = {isa = PBXFileReference; lastKnownFileType = sourcecode.swift; path = DetailViewModel.swift; sourceTree = "<group>"; };
		D9D6C92D261FDF5800B4D4ED /* UIView+Ext.swift */ = {isa = PBXFileReference; lastKnownFileType = sourcecode.swift; path = "UIView+Ext.swift"; sourceTree = "<group>"; };
/* End PBXFileReference section */

/* Begin PBXFrameworksBuildPhase section */
		D9B58A7E263A64B50028BCB3 /* Frameworks */ = {
			isa = PBXFrameworksBuildPhase;
			buildActionMask = 2147483647;
			files = (
			);
			runOnlyForDeploymentPostprocessing = 0;
		};
		D9D6C8C3261E86FB00B4D4ED /* Frameworks */ = {
			isa = PBXFrameworksBuildPhase;
			buildActionMask = 2147483647;
			files = (
				E67D180F0D100C32E230F521 /* Pods_Mooovie.framework in Frameworks */,
			);
			runOnlyForDeploymentPostprocessing = 0;
		};
/* End PBXFrameworksBuildPhase section */

/* Begin PBXGroup section */
		19538BDF1B66EB9AD6049CD4 /* Frameworks */ = {
			isa = PBXGroup;
			children = (
				1625B75D8E5245735A109C1C /* Pods_Mooovie.framework */,
			);
			name = Frameworks;
			sourceTree = "<group>";
		};
		5FC7E20E4A0DE75A9CA00DFE /* Pods */ = {
			isa = PBXGroup;
			children = (
				7C2EBCE12200563F6789DB66 /* Pods-Mooovie.debug.xcconfig */,
				AD264E5D7D82B90D8266813C /* Pods-Mooovie.release.xcconfig */,
			);
			path = Pods;
			sourceTree = "<group>";
		};
		D9B58A6226394B510028BCB3 /* Managers */ = {
			isa = PBXGroup;
			children = (
				D9B58A6326394B5F0028BCB3 /* CoreDataManager.swift */,
			);
			path = Managers;
			sourceTree = "<group>";
		};
		D9B58A662639501A0028BCB3 /* Bookmark */ = {
			isa = PBXGroup;
			children = (
				D9B58A6F263955370028BCB3 /* BookmarkCell.swift */,
				D9B58A6B263952E00028BCB3 /* BookmarkViewController+UI.swift */,
				D9B58A672639502E0028BCB3 /* ListBookmarkViewController.swift */,
				D9B58A72263957280028BCB3 /* ListBookmarkViewModel.swift */,
				D9B58A77263959260028BCB3 /* BookmarkViewModel.swift */,
			);
			path = Bookmark;
			sourceTree = "<group>";
		};
		D9B58A82263A64B50028BCB3 /* MooovieTests */ = {
			isa = PBXGroup;
			children = (
				D9B58A83263A64B50028BCB3 /* MooovieTests.swift */,
				D9B58A85263A64B50028BCB3 /* Info.plist */,
			);
			path = MooovieTests;
			sourceTree = "<group>";
		};
		D9D4DF962621C0E700CD82CB /* Utils */ = {
			isa = PBXGroup;
			children = (
				D9D4DF972621C0F500CD82CB /* GradientUtils.swift */,
			);
			path = Utils;
			sourceTree = "<group>";
		};
		D9D4DFA2262203DF00CD82CB /* Custom Views */ = {
			isa = PBXGroup;
			children = (
				D9D4DF9F262203DC00CD82CB /* MooovieNavigationController.swift */,
			);
			path = "Custom Views";
			sourceTree = "<group>";
		};
		D9D6C8BD261E86FB00B4D4ED = {
			isa = PBXGroup;
			children = (
				D9D6C8C8261E86FB00B4D4ED /* Mooovie */,
				D9B58A82263A64B50028BCB3 /* MooovieTests */,
				D9D6C8C7261E86FB00B4D4ED /* Products */,
				5FC7E20E4A0DE75A9CA00DFE /* Pods */,
				19538BDF1B66EB9AD6049CD4 /* Frameworks */,
			);
			sourceTree = "<group>";
		};
		D9D6C8C7261E86FB00B4D4ED /* Products */ = {
			isa = PBXGroup;
			children = (
				D9D6C8C6261E86FB00B4D4ED /* Mooovie.app */,
				D9B58A81263A64B50028BCB3 /* MooovieTests.xctest */,
			);
			name = Products;
			sourceTree = "<group>";
		};
		D9D6C8C8261E86FB00B4D4ED /* Mooovie */ = {
			isa = PBXGroup;
			children = (
				D9B58A6226394B510028BCB3 /* Managers */,
				D9D4DFA2262203DF00CD82CB /* Custom Views */,
				D9D4DF962621C0E700CD82CB /* Utils */,
				D9D6C914261EE0F100B4D4ED /* Models */,
				D9D6C8EE261EA80300B4D4ED /* Services */,
				D9D6C8E3261E900E00B4D4ED /* Extensions */,
				D9D6C8E0261E8B6F00B4D4ED /* Screens */,
				D9D6C8C9261E86FB00B4D4ED /* AppDelegate.swift */,
				D9D6C8CB261E86FB00B4D4ED /* SceneDelegate.swift */,
				D9D6C8D2261E86FF00B4D4ED /* Assets.xcassets */,
				D9D6C8D4261E86FF00B4D4ED /* LaunchScreen.storyboard */,
				D9D6C8D7261E86FF00B4D4ED /* Info.plist */,
				D9D6C8FE261EB01300B4D4ED /* Constants.swift */,
				D9B58A5E263948D10028BCB3 /* Model.xcdatamodeld */,
			);
			path = Mooovie;
			sourceTree = "<group>";
		};
		D9D6C8E0261E8B6F00B4D4ED /* Screens */ = {
			isa = PBXGroup;
			children = (
				D9B58A662639501A0028BCB3 /* Bookmark */,
				D9D6C922261F60F600B4D4ED /* Detail */,
				D9D6C8E1261E8B7400B4D4ED /* List */,
			);
			path = Screens;
			sourceTree = "<group>";
		};
		D9D6C8E1261E8B7400B4D4ED /* List */ = {
			isa = PBXGroup;
			children = (
				D9D6C8CD261E86FB00B4D4ED /* ListViewController.swift */,
				D9D6C910261EDF6200B4D4ED /* ListViewController+UI.swift */,
				D9D6C8EB261EA7BD00B4D4ED /* ListViewModel.swift */,
				D9D6C907261EBCDE00B4D4ED /* MovieCell.swift */,
				D9D6C90D261EDF3E00B4D4ED /* MovieCell+UI.swift */,
			);
			path = List;
			sourceTree = "<group>";
		};
		D9D6C8E3261E900E00B4D4ED /* Extensions */ = {
			isa = PBXGroup;
			children = (
				D9D6C8E4261E902600B4D4ED /* UIFont+Ext.swift */,
				D9D6C90A261EC4EE00B4D4ED /* UIColor+Ext.swift */,
				D9D6C91F261F5F0C00B4D4ED /* UIImageView+Ext.swift */,
				D9D6C92D261FDF5800B4D4ED /* UIView+Ext.swift */,
				D9D4DFCB2622A83500CD82CB /* UIScrollView+Ext.swift */,
			);
			path = Extensions;
			sourceTree = "<group>";
		};
		D9D6C8EE261EA80300B4D4ED /* Services */ = {
			isa = PBXGroup;
			children = (
				D9D6C8EF261EA82900B4D4ED /* MovieServiceProtocol.swift */,
				D9D6C8F3261EA83300B4D4ED /* MovieService.swift */,
			);
			path = Services;
			sourceTree = "<group>";
		};
		D9D6C914261EE0F100B4D4ED /* Models */ = {
			isa = PBXGroup;
			children = (
				D9D6C901261EB5A200B4D4ED /* Movie.swift */,
				D9D6C904261EBA8200B4D4ED /* MovieList.swift */,
				D9D4DFB62622655400CD82CB /* Trailer.swift */,
				D9D4DFD22622AF9E00CD82CB /* Category.swift */,
			);
			path = Models;
			sourceTree = "<group>";
		};
		D9D6C922261F60F600B4D4ED /* Detail */ = {
			isa = PBXGroup;
			children = (
				D9D6C923261F610700B4D4ED /* DetailViewController.swift */,
				D9D6C927261F629100B4D4ED /* DetailViewController+UI.swift */,
				D9D6C92A261F629B00B4D4ED /* DetailViewModel.swift */,
				D9D6C91C261F5A5E00B4D4ED /* MovieViewModel.swift */,
				D9D4DFC12622691B00CD82CB /* TrailerCell.swift */,
				D9D4DFC726226A4800CD82CB /* TrailerViewModel.swift */,
			);
			path = Detail;
			sourceTree = "<group>";
		};
/* End PBXGroup section */

/* Begin PBXNativeTarget section */
		D9B58A80263A64B50028BCB3 /* MooovieTests */ = {
			isa = PBXNativeTarget;
			buildConfigurationList = D9B58A8A263A64B50028BCB3 /* Build configuration list for PBXNativeTarget "MooovieTests" */;
			buildPhases = (
				D9B58A7D263A64B50028BCB3 /* Sources */,
				D9B58A7E263A64B50028BCB3 /* Frameworks */,
				D9B58A7F263A64B50028BCB3 /* Resources */,
			);
			buildRules = (
			);
			dependencies = (
				D9B58A87263A64B50028BCB3 /* PBXTargetDependency */,
			);
			name = MooovieTests;
			productName = MooovieTests;
			productReference = D9B58A81263A64B50028BCB3 /* MooovieTests.xctest */;
			productType = "com.apple.product-type.bundle.unit-test";
		};
		D9D6C8C5261E86FB00B4D4ED /* Mooovie */ = {
			isa = PBXNativeTarget;
			buildConfigurationList = D9D6C8DA261E86FF00B4D4ED /* Build configuration list for PBXNativeTarget "Mooovie" */;
			buildPhases = (
				34277E9C3239687F28E5FD83 /* [CP] Check Pods Manifest.lock */,
				D9D6C8C2261E86FB00B4D4ED /* Sources */,
				D9D6C8C3261E86FB00B4D4ED /* Frameworks */,
				D9D6C8C4261E86FB00B4D4ED /* Resources */,
				DEEE41A8EB4E3AE473992925 /* [CP] Embed Pods Frameworks */,
			);
			buildRules = (
			);
			dependencies = (
			);
			name = Mooovie;
			productName = Mooovie;
			productReference = D9D6C8C6261E86FB00B4D4ED /* Mooovie.app */;
			productType = "com.apple.product-type.application";
		};
/* End PBXNativeTarget section */

/* Begin PBXProject section */
		D9D6C8BE261E86FB00B4D4ED /* Project object */ = {
			isa = PBXProject;
			attributes = {
				LastSwiftUpdateCheck = 1240;
				LastUpgradeCheck = 1200;
				TargetAttributes = {
					D9B58A80263A64B50028BCB3 = {
						CreatedOnToolsVersion = 12.4;
						TestTargetID = D9D6C8C5261E86FB00B4D4ED;
					};
					D9D6C8C5261E86FB00B4D4ED = {
						CreatedOnToolsVersion = 12.0.1;
					};
				};
			};
			buildConfigurationList = D9D6C8C1261E86FB00B4D4ED /* Build configuration list for PBXProject "Mooovie" */;
			compatibilityVersion = "Xcode 9.3";
			developmentRegion = en;
			hasScannedForEncodings = 0;
			knownRegions = (
				en,
				Base,
			);
			mainGroup = D9D6C8BD261E86FB00B4D4ED;
			productRefGroup = D9D6C8C7261E86FB00B4D4ED /* Products */;
			projectDirPath = "";
			projectRoot = "";
			targets = (
				D9D6C8C5261E86FB00B4D4ED /* Mooovie */,
				D9B58A80263A64B50028BCB3 /* MooovieTests */,
			);
		};
/* End PBXProject section */

/* Begin PBXResourcesBuildPhase section */
		D9B58A7F263A64B50028BCB3 /* Resources */ = {
			isa = PBXResourcesBuildPhase;
			buildActionMask = 2147483647;
			files = (
			);
			runOnlyForDeploymentPostprocessing = 0;
		};
		D9D6C8C4261E86FB00B4D4ED /* Resources */ = {
			isa = PBXResourcesBuildPhase;
			buildActionMask = 2147483647;
			files = (
				D9D6C8D6261E86FF00B4D4ED /* LaunchScreen.storyboard in Resources */,
				D9D6C8D3261E86FF00B4D4ED /* Assets.xcassets in Resources */,
			);
			runOnlyForDeploymentPostprocessing = 0;
		};
/* End PBXResourcesBuildPhase section */

/* Begin PBXShellScriptBuildPhase section */
		34277E9C3239687F28E5FD83 /* [CP] Check Pods Manifest.lock */ = {
			isa = PBXShellScriptBuildPhase;
			buildActionMask = 2147483647;
			files = (
			);
			inputFileListPaths = (
			);
			inputPaths = (
				"${PODS_PODFILE_DIR_PATH}/Podfile.lock",
				"${PODS_ROOT}/Manifest.lock",
			);
			name = "[CP] Check Pods Manifest.lock";
			outputFileListPaths = (
			);
			outputPaths = (
				"$(DERIVED_FILE_DIR)/Pods-Mooovie-checkManifestLockResult.txt",
			);
			runOnlyForDeploymentPostprocessing = 0;
			shellPath = /bin/sh;
			shellScript = "diff \"${PODS_PODFILE_DIR_PATH}/Podfile.lock\" \"${PODS_ROOT}/Manifest.lock\" > /dev/null\nif [ $? != 0 ] ; then\n    # print error to STDERR\n    echo \"error: The sandbox is not in sync with the Podfile.lock. Run 'pod install' or update your CocoaPods installation.\" >&2\n    exit 1\nfi\n# This output is used by Xcode 'outputs' to avoid re-running this script phase.\necho \"SUCCESS\" > \"${SCRIPT_OUTPUT_FILE_0}\"\n";
			showEnvVarsInLog = 0;
		};
		DEEE41A8EB4E3AE473992925 /* [CP] Embed Pods Frameworks */ = {
			isa = PBXShellScriptBuildPhase;
			buildActionMask = 2147483647;
			files = (
			);
			inputFileListPaths = (
				"${PODS_ROOT}/Target Support Files/Pods-Mooovie/Pods-Mooovie-frameworks-${CONFIGURATION}-input-files.xcfilelist",
			);
			name = "[CP] Embed Pods Frameworks";
			outputFileListPaths = (
				"${PODS_ROOT}/Target Support Files/Pods-Mooovie/Pods-Mooovie-frameworks-${CONFIGURATION}-output-files.xcfilelist",
			);
			runOnlyForDeploymentPostprocessing = 0;
			shellPath = /bin/sh;
			shellScript = "\"${PODS_ROOT}/Target Support Files/Pods-Mooovie/Pods-Mooovie-frameworks.sh\"\n";
			showEnvVarsInLog = 0;
		};
/* End PBXShellScriptBuildPhase section */

/* Begin PBXSourcesBuildPhase section */
		D9B58A7D263A64B50028BCB3 /* Sources */ = {
			isa = PBXSourcesBuildPhase;
			buildActionMask = 2147483647;
			files = (
				D9B58A84263A64B50028BCB3 /* MooovieTests.swift in Sources */,
			);
			runOnlyForDeploymentPostprocessing = 0;
		};
		D9D6C8C2261E86FB00B4D4ED /* Sources */ = {
			isa = PBXSourcesBuildPhase;
			buildActionMask = 2147483647;
			files = (
				D9D6C8F0261EA82900B4D4ED /* MovieServiceProtocol.swift in Sources */,
				D9D6C8E5261E902600B4D4ED /* UIFont+Ext.swift in Sources */,
				D9D6C908261EBCDE00B4D4ED /* MovieCell.swift in Sources */,
				D9B58A70263955370028BCB3 /* BookmarkCell.swift in Sources */,
				D9B58A60263948D10028BCB3 /* Model.xcdatamodeld in Sources */,
				D9B58A682639502E0028BCB3 /* ListBookmarkViewController.swift in Sources */,
				D9D6C8EC261EA7BD00B4D4ED /* ListViewModel.swift in Sources */,
				D9D4DFA0262203DC00CD82CB /* MooovieNavigationController.swift in Sources */,
				D9D4DFB72622655400CD82CB /* Trailer.swift in Sources */,
				D9D6C902261EB5A200B4D4ED /* Movie.swift in Sources */,
				D9D4DFC826226A4800CD82CB /* TrailerViewModel.swift in Sources */,
				D9D6C90B261EC4EE00B4D4ED /* UIColor+Ext.swift in Sources */,
				D9B58A6C263952E00028BCB3 /* BookmarkViewController+UI.swift in Sources */,
				D9D4DFCC2622A83500CD82CB /* UIScrollView+Ext.swift in Sources */,
				D9D6C91D261F5A5E00B4D4ED /* MovieViewModel.swift in Sources */,
				D9D6C905261EBA8200B4D4ED /* MovieList.swift in Sources */,
				D9D6C924261F610700B4D4ED /* DetailViewController.swift in Sources */,
				D9D4DF982621C0F500CD82CB /* GradientUtils.swift in Sources */,
				D9B58A73263957280028BCB3 /* ListBookmarkViewModel.swift in Sources */,
				D9D6C8CE261E86FB00B4D4ED /* ListViewController.swift in Sources */,
				D9B58A78263959260028BCB3 /* BookmarkViewModel.swift in Sources */,
				D9D6C92E261FDF5800B4D4ED /* UIView+Ext.swift in Sources */,
				D9D6C8CA261E86FB00B4D4ED /* AppDelegate.swift in Sources */,
				D9D4DFC22622691B00CD82CB /* TrailerCell.swift in Sources */,
				D9D6C920261F5F0C00B4D4ED /* UIImageView+Ext.swift in Sources */,
				D9D6C90E261EDF3E00B4D4ED /* MovieCell+UI.swift in Sources */,
				D9D6C928261F629100B4D4ED /* DetailViewController+UI.swift in Sources */,
				D9D6C92B261F629B00B4D4ED /* DetailViewModel.swift in Sources */,
				D9D6C8F4261EA83300B4D4ED /* MovieService.swift in Sources */,
				D9D4DFD32622AF9E00CD82CB /* Category.swift in Sources */,
				D9B58A6426394B5F0028BCB3 /* CoreDataManager.swift in Sources */,
				D9D6C8CC261E86FB00B4D4ED /* SceneDelegate.swift in Sources */,
				D9D6C911261EDF6200B4D4ED /* ListViewController+UI.swift in Sources */,
				D9D6C8FF261EB01300B4D4ED /* Constants.swift in Sources */,
			);
			runOnlyForDeploymentPostprocessing = 0;
		};
/* End PBXSourcesBuildPhase section */

/* Begin PBXTargetDependency section */
		D9B58A87263A64B50028BCB3 /* PBXTargetDependency */ = {
			isa = PBXTargetDependency;
			target = D9D6C8C5261E86FB00B4D4ED /* Mooovie */;
			targetProxy = D9B58A86263A64B50028BCB3 /* PBXContainerItemProxy */;
		};
/* End PBXTargetDependency section */

/* Begin PBXVariantGroup section */
		D9D6C8D4261E86FF00B4D4ED /* LaunchScreen.storyboard */ = {
			isa = PBXVariantGroup;
			children = (
				D9D6C8D5261E86FF00B4D4ED /* Base */,
			);
			name = LaunchScreen.storyboard;
			sourceTree = "<group>";
		};
/* End PBXVariantGroup section */

/* Begin XCBuildConfiguration section */
		D9B58A88263A64B50028BCB3 /* Debug */ = {
			isa = XCBuildConfiguration;
			buildSettings = {
				BUNDLE_LOADER = "$(TEST_HOST)";
				CODE_SIGN_STYLE = Automatic;
				DEVELOPMENT_TEAM = S49G677PMU;
				INFOPLIST_FILE = MooovieTests/Info.plist;
				IPHONEOS_DEPLOYMENT_TARGET = 14.4;
				LD_RUNPATH_SEARCH_PATHS = (
					"$(inherited)",
					"@executable_path/Frameworks",
					"@loader_path/Frameworks",
				);
				PRODUCT_BUNDLE_IDENTIFIER = com.aulmajid.MooovieTests;
				PRODUCT_NAME = "$(TARGET_NAME)";
				SWIFT_VERSION = 5.0;
				TARGETED_DEVICE_FAMILY = "1,2";
				TEST_HOST = "$(BUILT_PRODUCTS_DIR)/Mooovie.app/Mooovie";
			};
			name = Debug;
		};
		D9B58A89263A64B50028BCB3 /* Release */ = {
			isa = XCBuildConfiguration;
			buildSettings = {
				BUNDLE_LOADER = "$(TEST_HOST)";
				CODE_SIGN_STYLE = Automatic;
				DEVELOPMENT_TEAM = S49G677PMU;
				INFOPLIST_FILE = MooovieTests/Info.plist;
				IPHONEOS_DEPLOYMENT_TARGET = 14.4;
				LD_RUNPATH_SEARCH_PATHS = (
					"$(inherited)",
					"@executable_path/Frameworks",
					"@loader_path/Frameworks",
				);
				PRODUCT_BUNDLE_IDENTIFIER = com.aulmajid.MooovieTests;
				PRODUCT_NAME = "$(TARGET_NAME)";
				SWIFT_VERSION = 5.0;
				TARGETED_DEVICE_FAMILY = "1,2";
				TEST_HOST = "$(BUILT_PRODUCTS_DIR)/Mooovie.app/Mooovie";
			};
			name = Release;
		};
		D9D6C8D8261E86FF00B4D4ED /* Debug */ = {
			isa = XCBuildConfiguration;
			buildSettings = {
				ALWAYS_SEARCH_USER_PATHS = NO;
				CLANG_ANALYZER_NONNULL = YES;
				CLANG_ANALYZER_NUMBER_OBJECT_CONVERSION = YES_AGGRESSIVE;
				CLANG_CXX_LANGUAGE_STANDARD = "gnu++14";
				CLANG_CXX_LIBRARY = "libc++";
				CLANG_ENABLE_MODULES = YES;
				CLANG_ENABLE_OBJC_ARC = YES;
				CLANG_ENABLE_OBJC_WEAK = YES;
				CLANG_WARN_BLOCK_CAPTURE_AUTORELEASING = YES;
				CLANG_WARN_BOOL_CONVERSION = YES;
				CLANG_WARN_COMMA = YES;
				CLANG_WARN_CONSTANT_CONVERSION = YES;
				CLANG_WARN_DEPRECATED_OBJC_IMPLEMENTATIONS = YES;
				CLANG_WARN_DIRECT_OBJC_ISA_USAGE = YES_ERROR;
				CLANG_WARN_DOCUMENTATION_COMMENTS = YES;
				CLANG_WARN_EMPTY_BODY = YES;
				CLANG_WARN_ENUM_CONVERSION = YES;
				CLANG_WARN_INFINITE_RECURSION = YES;
				CLANG_WARN_INT_CONVERSION = YES;
				CLANG_WARN_NON_LITERAL_NULL_CONVERSION = YES;
				CLANG_WARN_OBJC_IMPLICIT_RETAIN_SELF = YES;
				CLANG_WARN_OBJC_LITERAL_CONVERSION = YES;
				CLANG_WARN_OBJC_ROOT_CLASS = YES_ERROR;
				CLANG_WARN_QUOTED_INCLUDE_IN_FRAMEWORK_HEADER = YES;
				CLANG_WARN_RANGE_LOOP_ANALYSIS = YES;
				CLANG_WARN_STRICT_PROTOTYPES = YES;
				CLANG_WARN_SUSPICIOUS_MOVE = YES;
				CLANG_WARN_UNGUARDED_AVAILABILITY = YES_AGGRESSIVE;
				CLANG_WARN_UNREACHABLE_CODE = YES;
				CLANG_WARN__DUPLICATE_METHOD_MATCH = YES;
				COPY_PHASE_STRIP = NO;
				DEBUG_INFORMATION_FORMAT = dwarf;
				ENABLE_STRICT_OBJC_MSGSEND = YES;
				ENABLE_TESTABILITY = YES;
				GCC_C_LANGUAGE_STANDARD = gnu11;
				GCC_DYNAMIC_NO_PIC = NO;
				GCC_NO_COMMON_BLOCKS = YES;
				GCC_OPTIMIZATION_LEVEL = 0;
				GCC_PREPROCESSOR_DEFINITIONS = (
					"DEBUG=1",
					"$(inherited)",
				);
				GCC_WARN_64_TO_32_BIT_CONVERSION = YES;
				GCC_WARN_ABOUT_RETURN_TYPE = YES_ERROR;
				GCC_WARN_UNDECLARED_SELECTOR = YES;
				GCC_WARN_UNINITIALIZED_AUTOS = YES_AGGRESSIVE;
				GCC_WARN_UNUSED_FUNCTION = YES;
				GCC_WARN_UNUSED_VARIABLE = YES;
				IPHONEOS_DEPLOYMENT_TARGET = 14.0;
				MTL_ENABLE_DEBUG_INFO = INCLUDE_SOURCE;
				MTL_FAST_MATH = YES;
				ONLY_ACTIVE_ARCH = YES;
				SDKROOT = iphoneos;
				SWIFT_ACTIVE_COMPILATION_CONDITIONS = DEBUG;
				SWIFT_OPTIMIZATION_LEVEL = "-Onone";
			};
			name = Debug;
		};
		D9D6C8D9261E86FF00B4D4ED /* Release */ = {
			isa = XCBuildConfiguration;
			buildSettings = {
				ALWAYS_SEARCH_USER_PATHS = NO;
				CLANG_ANALYZER_NONNULL = YES;
				CLANG_ANALYZER_NUMBER_OBJECT_CONVERSION = YES_AGGRESSIVE;
				CLANG_CXX_LANGUAGE_STANDARD = "gnu++14";
				CLANG_CXX_LIBRARY = "libc++";
				CLANG_ENABLE_MODULES = YES;
				CLANG_ENABLE_OBJC_ARC = YES;
				CLANG_ENABLE_OBJC_WEAK = YES;
				CLANG_WARN_BLOCK_CAPTURE_AUTORELEASING = YES;
				CLANG_WARN_BOOL_CONVERSION = YES;
				CLANG_WARN_COMMA = YES;
				CLANG_WARN_CONSTANT_CONVERSION = YES;
				CLANG_WARN_DEPRECATED_OBJC_IMPLEMENTATIONS = YES;
				CLANG_WARN_DIRECT_OBJC_ISA_USAGE = YES_ERROR;
				CLANG_WARN_DOCUMENTATION_COMMENTS = YES;
				CLANG_WARN_EMPTY_BODY = YES;
				CLANG_WARN_ENUM_CONVERSION = YES;
				CLANG_WARN_INFINITE_RECURSION = YES;
				CLANG_WARN_INT_CONVERSION = YES;
				CLANG_WARN_NON_LITERAL_NULL_CONVERSION = YES;
				CLANG_WARN_OBJC_IMPLICIT_RETAIN_SELF = YES;
				CLANG_WARN_OBJC_LITERAL_CONVERSION = YES;
				CLANG_WARN_OBJC_ROOT_CLASS = YES_ERROR;
				CLANG_WARN_QUOTED_INCLUDE_IN_FRAMEWORK_HEADER = YES;
				CLANG_WARN_RANGE_LOOP_ANALYSIS = YES;
				CLANG_WARN_STRICT_PROTOTYPES = YES;
				CLANG_WARN_SUSPICIOUS_MOVE = YES;
				CLANG_WARN_UNGUARDED_AVAILABILITY = YES_AGGRESSIVE;
				CLANG_WARN_UNREACHABLE_CODE = YES;
				CLANG_WARN__DUPLICATE_METHOD_MATCH = YES;
				COPY_PHASE_STRIP = NO;
				DEBUG_INFORMATION_FORMAT = "dwarf-with-dsym";
				ENABLE_NS_ASSERTIONS = NO;
				ENABLE_STRICT_OBJC_MSGSEND = YES;
				GCC_C_LANGUAGE_STANDARD = gnu11;
				GCC_NO_COMMON_BLOCKS = YES;
				GCC_WARN_64_TO_32_BIT_CONVERSION = YES;
				GCC_WARN_ABOUT_RETURN_TYPE = YES_ERROR;
				GCC_WARN_UNDECLARED_SELECTOR = YES;
				GCC_WARN_UNINITIALIZED_AUTOS = YES_AGGRESSIVE;
				GCC_WARN_UNUSED_FUNCTION = YES;
				GCC_WARN_UNUSED_VARIABLE = YES;
				IPHONEOS_DEPLOYMENT_TARGET = 14.0;
				MTL_ENABLE_DEBUG_INFO = NO;
				MTL_FAST_MATH = YES;
				SDKROOT = iphoneos;
				SWIFT_COMPILATION_MODE = wholemodule;
				SWIFT_OPTIMIZATION_LEVEL = "-O";
				VALIDATE_PRODUCT = YES;
			};
			name = Release;
		};
		D9D6C8DB261E86FF00B4D4ED /* Debug */ = {
			isa = XCBuildConfiguration;
			baseConfigurationReference = 7C2EBCE12200563F6789DB66 /* Pods-Mooovie.debug.xcconfig */;
			buildSettings = {
				ASSETCATALOG_COMPILER_APPICON_NAME = AppIcon;
				ASSETCATALOG_COMPILER_GLOBAL_ACCENT_COLOR_NAME = AccentColor;
				CODE_SIGN_STYLE = Automatic;
				DEVELOPMENT_TEAM = S49G677PMU;
				INFOPLIST_FILE = Mooovie/Info.plist;
				LD_RUNPATH_SEARCH_PATHS = (
					"$(inherited)",
					"@executable_path/Frameworks",
				);
				PRODUCT_BUNDLE_IDENTIFIER = com.aulmajid.Mooovie;
				PRODUCT_NAME = "$(TARGET_NAME)";
				SWIFT_VERSION = 5.0;
				TARGETED_DEVICE_FAMILY = "1,2";
			};
			name = Debug;
		};
		D9D6C8DC261E86FF00B4D4ED /* Release */ = {
			isa = XCBuildConfiguration;
			baseConfigurationReference = AD264E5D7D82B90D8266813C /* Pods-Mooovie.release.xcconfig */;
			buildSettings = {
				ASSETCATALOG_COMPILER_APPICON_NAME = AppIcon;
				ASSETCATALOG_COMPILER_GLOBAL_ACCENT_COLOR_NAME = AccentColor;
				CODE_SIGN_STYLE = Automatic;
				DEVELOPMENT_TEAM = S49G677PMU;
				INFOPLIST_FILE = Mooovie/Info.plist;
				LD_RUNPATH_SEARCH_PATHS = (
					"$(inherited)",
					"@executable_path/Frameworks",
				);
				PRODUCT_BUNDLE_IDENTIFIER = com.aulmajid.Mooovie;
				PRODUCT_NAME = "$(TARGET_NAME)";
				SWIFT_VERSION = 5.0;
				TARGETED_DEVICE_FAMILY = "1,2";
			};
			name = Release;
		};
/* End XCBuildConfiguration section */

/* Begin XCConfigurationList section */
		D9B58A8A263A64B50028BCB3 /* Build configuration list for PBXNativeTarget "MooovieTests" */ = {
			isa = XCConfigurationList;
			buildConfigurations = (
				D9B58A88263A64B50028BCB3 /* Debug */,
				D9B58A89263A64B50028BCB3 /* Release */,
			);
			defaultConfigurationIsVisible = 0;
			defaultConfigurationName = Release;
		};
		D9D6C8C1261E86FB00B4D4ED /* Build configuration list for PBXProject "Mooovie" */ = {
			isa = XCConfigurationList;
			buildConfigurations = (
				D9D6C8D8261E86FF00B4D4ED /* Debug */,
				D9D6C8D9261E86FF00B4D4ED /* Release */,
			);
			defaultConfigurationIsVisible = 0;
			defaultConfigurationName = Release;
		};
		D9D6C8DA261E86FF00B4D4ED /* Build configuration list for PBXNativeTarget "Mooovie" */ = {
			isa = XCConfigurationList;
			buildConfigurations = (
				D9D6C8DB261E86FF00B4D4ED /* Debug */,
				D9D6C8DC261E86FF00B4D4ED /* Release */,
			);
			defaultConfigurationIsVisible = 0;
			defaultConfigurationName = Release;
		};
/* End XCConfigurationList section */

/* Begin XCVersionGroup section */
		D9B58A5E263948D10028BCB3 /* Model.xcdatamodeld */ = {
			isa = XCVersionGroup;
			children = (
				D9B58A5F263948D10028BCB3 /* Model.xcdatamodel */,
			);
			currentVersion = D9B58A5F263948D10028BCB3 /* Model.xcdatamodel */;
			path = Model.xcdatamodeld;
			sourceTree = "<group>";
			versionGroupType = wrapper.xcdatamodel;
		};
/* End XCVersionGroup section */
	};
	rootObject = D9D6C8BE261E86FB00B4D4ED /* Project object */;
}
